
Microsoft Visual Studio Solution File, Format Version 12.00
Project("{2150E333-8FDC-42A3-9474-1A3956D46DE8}") = "Application", "Application", "{CC25EB61-9BF4-49BA-B387-C8CA19610D33}"
EndProject
Project("{2150E333-8FDC-42A3-9474-1A3956D46DE8}") = "Domain", "Domain", "{E241A660-6E71-4506-824F-873314D28401}"
EndProject
Project("{2150E333-8FDC-42A3-9474-1A3956D46DE8}") = "Infrastructure", "Infrastructure", "{4D3C92EC-42AC-47DF-9AE1-9868C0CE19E1}"
EndProject
Project("{2150E333-8FDC-42A3-9474-1A3956D46DE8}") = "Presentation", "Presentation", "{CB9A7F1A-C9F2-4DFF-A0BD-6C5D95E18E78}"
EndProject
Project("{FAE04EC0-301F-11D3-BF4B-00C04F79EFBC}") = "SECrawler.API", "SECrawler.API\SECrawler.API.csproj", "{EB00AAED-DB4A-4121-956C-B40317E15DF4}"
EndProject
Project("{FAE04EC0-301F-11D3-BF4B-00C04F79EFBC}") = "SECrawler.DataAccess", "SECrawler.DataAccess\SECrawler.DataAccess.csproj", "{6123744B-654E-436E-94AA-8D2E5BCF6AAE}"
EndProject
Project("{FAE04EC0-301F-11D3-BF4B-00C04F79EFBC}") = "SECrawler.Infrastructure", "SECrawler.Infrastructure\SECrawler.Infrastructure.csproj", "{A258A458-73CA-4087-8010-DFC6DECEE905}"
EndProject
Project("{FAE04EC0-301F-11D3-BF4B-00C04F79EFBC}") = "SECrawler.Entities", "SECrawler.Entities\SECrawler.Entities.csproj", "{C7D7B02A-6690-402F-9A27-2CCEA667E68E}"
EndProject
Project("{FAE04EC0-301F-11D3-BF4B-00C04F79EFBC}") = "SECrawler.Core", "SECrawler.Core\SECrawler.Core.csproj", "{E4BBE070-BE1C-4C07-9A6D-E5A55215D756}"
EndProject
Project("{FAE04EC0-301F-11D3-BF4B-00C04F79EFBC}") = "SECrawler.Dtos", "SECrawler.Dtos\SECrawler.Dtos.csproj", "{9E187399-58BC-4838-94B2-14C3243F6BA9}"
EndProject
Project("{FAE04EC0-301F-11D3-BF4B-00C04F79EFBC}") = "SECrawler.Business", "SECrawler.Business\SECrawler.Business.csproj", "{62A666F0-24C2-4167-A149-2294086A957A}"
EndProject
Project("{FAE04EC0-301F-11D3-BF4B-00C04F79EFBC}") = "SECrawler.Test", "SECrawler.Test\SECrawler.Test.csproj", "{3C4D2ABB-BE01-4214-A3E4-07512AA2FE55}"
EndProject
Global
	GlobalSection(SolutionConfigurationPlatforms) = preSolution
		Debug|Any CPU = Debug|Any CPU
		Release|Any CPU = Release|Any CPU
	EndGlobalSection
	GlobalSection(NestedProjects) = preSolution
		{EB00AAED-DB4A-4121-956C-B40317E15DF4} = {CB9A7F1A-C9F2-4DFF-A0BD-6C5D95E18E78}
		{6123744B-654E-436E-94AA-8D2E5BCF6AAE} = {4D3C92EC-42AC-47DF-9AE1-9868C0CE19E1}
		{A258A458-73CA-4087-8010-DFC6DECEE905} = {4D3C92EC-42AC-47DF-9AE1-9868C0CE19E1}
		{C7D7B02A-6690-402F-9A27-2CCEA667E68E} = {E241A660-6E71-4506-824F-873314D28401}
		{E4BBE070-BE1C-4C07-9A6D-E5A55215D756} = {E241A660-6E71-4506-824F-873314D28401}
		{9E187399-58BC-4838-94B2-14C3243F6BA9} = {CC25EB61-9BF4-49BA-B387-C8CA19610D33}
		{62A666F0-24C2-4167-A149-2294086A957A} = {CC25EB61-9BF4-49BA-B387-C8CA19610D33}
		{3C4D2ABB-BE01-4214-A3E4-07512AA2FE55} = {CC25EB61-9BF4-49BA-B387-C8CA19610D33}
	EndGlobalSection
	GlobalSection(ProjectConfigurationPlatforms) = postSolution
		{EB00AAED-DB4A-4121-956C-B40317E15DF4}.Debug|Any CPU.ActiveCfg = Debug|Any CPU
		{EB00AAED-DB4A-4121-956C-B40317E15DF4}.Debug|Any CPU.Build.0 = Debug|Any CPU
		{EB00AAED-DB4A-4121-956C-B40317E15DF4}.Release|Any CPU.ActiveCfg = Release|Any CPU
		{EB00AAED-DB4A-4121-956C-B40317E15DF4}.Release|Any CPU.Build.0 = Release|Any CPU
		{6123744B-654E-436E-94AA-8D2E5BCF6AAE}.Debug|Any CPU.ActiveCfg = Debug|Any CPU
		{6123744B-654E-436E-94AA-8D2E5BCF6AAE}.Debug|Any CPU.Build.0 = Debug|Any CPU
		{6123744B-654E-436E-94AA-8D2E5BCF6AAE}.Release|Any CPU.ActiveCfg = Release|Any CPU
		{6123744B-654E-436E-94AA-8D2E5BCF6AAE}.Release|Any CPU.Build.0 = Release|Any CPU
		{A258A458-73CA-4087-8010-DFC6DECEE905}.Debug|Any CPU.ActiveCfg = Debug|Any CPU
		{A258A458-73CA-4087-8010-DFC6DECEE905}.Debug|Any CPU.Build.0 = Debug|Any CPU
		{A258A458-73CA-4087-8010-DFC6DECEE905}.Release|Any CPU.ActiveCfg = Release|Any CPU
		{A258A458-73CA-4087-8010-DFC6DECEE905}.Release|Any CPU.Build.0 = Release|Any CPU
		{C7D7B02A-6690-402F-9A27-2CCEA667E68E}.Debug|Any CPU.ActiveCfg = Debug|Any CPU
		{C7D7B02A-6690-402F-9A27-2CCEA667E68E}.Debug|Any CPU.Build.0 = Debug|Any CPU
		{C7D7B02A-6690-402F-9A27-2CCEA667E68E}.Release|Any CPU.ActiveCfg = Release|Any CPU
		{C7D7B02A-6690-402F-9A27-2CCEA667E68E}.Release|Any CPU.Build.0 = Release|Any CPU
		{E4BBE070-BE1C-4C07-9A6D-E5A55215D756}.Debug|Any CPU.ActiveCfg = Debug|Any CPU
		{E4BBE070-BE1C-4C07-9A6D-E5A55215D756}.Debug|Any CPU.Build.0 = Debug|Any CPU
		{E4BBE070-BE1C-4C07-9A6D-E5A55215D756}.Release|Any CPU.ActiveCfg = Release|Any CPU
		{E4BBE070-BE1C-4C07-9A6D-E5A55215D756}.Release|Any CPU.Build.0 = Release|Any CPU
		{9E187399-58BC-4838-94B2-14C3243F6BA9}.Debug|Any CPU.ActiveCfg = Debug|Any CPU
		{9E187399-58BC-4838-94B2-14C3243F6BA9}.Debug|Any CPU.Build.0 = Debug|Any CPU
		{9E187399-58BC-4838-94B2-14C3243F6BA9}.Release|Any CPU.ActiveCfg = Release|Any CPU
		{9E187399-58BC-4838-94B2-14C3243F6BA9}.Release|Any CPU.Build.0 = Release|Any CPU
		{62A666F0-24C2-4167-A149-2294086A957A}.Debug|Any CPU.ActiveCfg = Debug|Any CPU
		{62A666F0-24C2-4167-A149-2294086A957A}.Debug|Any CPU.Build.0 = Debug|Any CPU
		{62A666F0-24C2-4167-A149-2294086A957A}.Release|Any CPU.ActiveCfg = Release|Any CPU
		{62A666F0-24C2-4167-A149-2294086A957A}.Release|Any CPU.Build.0 = Release|Any CPU
		{3C4D2ABB-BE01-4214-A3E4-07512AA2FE55}.Debug|Any CPU.ActiveCfg = Debug|Any CPU
		{3C4D2ABB-BE01-4214-A3E4-07512AA2FE55}.Debug|Any CPU.Build.0 = Debug|Any CPU
		{3C4D2ABB-BE01-4214-A3E4-07512AA2FE55}.Release|Any CPU.ActiveCfg = Release|Any CPU
		{3C4D2ABB-BE01-4214-A3E4-07512AA2FE55}.Release|Any CPU.Build.0 = Release|Any CPU
	EndGlobalSection
EndGlobal
